
Microsoft Visual Studio Solution File, Format Version 12.00
# Visual Studio Version 17
VisualStudioVersion = 17.2.32616.157
MinimumVisualStudioVersion = 10.0.40219.1
Project("{9A19103F-16F7-4668-BE54-9A1E7A4F7556}") = "UI", "UI\UI.csproj", "{174FED83-C66B-4027-8E18-1E0D95F5DF36}"
EndProject
Project("{FAE04EC0-301F-11D3-BF4B-00C04F79EFBC}") = "Entities", "Entities\Entities.csproj", "{BE59E5FA-09DE-4B38-B4BB-BA2EA67CEDB1}"
EndProject
Project("{FAE04EC0-301F-11D3-BF4B-00C04F79EFBC}") = "Core", "Core\Core.csproj", "{EC5B940C-88AF-481C-9E96-7B86FA66CF34}"
EndProject
Project("{FAE04EC0-301F-11D3-BF4B-00C04F79EFBC}") = "DataAccess", "DataAccess\DataAccess.csproj", "{34784743-CE6E-4A9A-A98C-8443997F784F}"
EndProject
Global
	GlobalSection(SolutionConfigurationPlatforms) = preSolution
		Debug|Any CPU = Debug|Any CPU
		Release|Any CPU = Release|Any CPU
	EndGlobalSection
	GlobalSection(ProjectConfigurationPlatforms) = postSolution
		{174FED83-C66B-4027-8E18-1E0D95F5DF36}.Debug|Any CPU.ActiveCfg = Debug|Any CPU
		{174FED83-C66B-4027-8E18-1E0D95F5DF36}.Debug|Any CPU.Build.0 = Debug|Any CPU
		{174FED83-C66B-4027-8E18-1E0D95F5DF36}.Release|Any CPU.ActiveCfg = Release|Any CPU
		{174FED83-C66B-4027-8E18-1E0D95F5DF36}.Release|Any CPU.Build.0 = Release|Any CPU
		{BE59E5FA-09DE-4B38-B4BB-BA2EA67CEDB1}.Debug|Any CPU.ActiveCfg = Debug|Any CPU
		{BE59E5FA-09DE-4B38-B4BB-BA2EA67CEDB1}.Debug|Any CPU.Build.0 = Debug|Any CPU
		{BE59E5FA-09DE-4B38-B4BB-BA2EA67CEDB1}.Release|Any CPU.ActiveCfg = Release|Any CPU
		{BE59E5FA-09DE-4B38-B4BB-BA2EA67CEDB1}.Release|Any CPU.Build.0 = Release|Any CPU
		{EC5B940C-88AF-481C-9E96-7B86FA66CF34}.Debug|Any CPU.ActiveCfg = Debug|Any CPU
		{EC5B940C-88AF-481C-9E96-7B86FA66CF34}.Debug|Any CPU.Build.0 = Debug|Any CPU
		{EC5B940C-88AF-481C-9E96-7B86FA66CF34}.Release|Any CPU.ActiveCfg = Release|Any CPU
		{EC5B940C-88AF-481C-9E96-7B86FA66CF34}.Release|Any CPU.Build.0 = Release|Any CPU
		{34784743-CE6E-4A9A-A98C-8443997F784F}.Debug|Any CPU.ActiveCfg = Debug|Any CPU
		{34784743-CE6E-4A9A-A98C-8443997F784F}.Debug|Any CPU.Build.0 = Debug|Any CPU
		{34784743-CE6E-4A9A-A98C-8443997F784F}.Release|Any CPU.ActiveCfg = Release|Any CPU
		{34784743-CE6E-4A9A-A98C-8443997F784F}.Release|Any CPU.Build.0 = Release|Any CPU
	EndGlobalSection
	GlobalSection(SolutionProperties) = preSolution
		HideSolutionNode = FALSE
	EndGlobalSection
	GlobalSection(ExtensibilityGlobals) = postSolution
		SolutionGuid = {9E600C4E-00AD-46A8-B714-82441C635D0E}
	EndGlobalSection
EndGlobal
